
Microsoft Visual Studio Solution File, Format Version 12.00
# Visual Studio Version 16
VisualStudioVersion = 16.0.30517.126
MinimumVisualStudioVersion = 15.0.26124.0
Project("{2150E333-8FDC-42A3-9474-1A3956D46DE8}") = "Solution Items", "Solution Items", "{55A082FF-60F8-4F7D-B32C-3F9A8651732D}"
	ProjectSection(SolutionItems) = preProject
		.editorconfig = .editorconfig
		.gitattributes = .gitattributes
		.gitignore = .gitignore
		.gitmodules = .gitmodules
		Directory.Build.props = Directory.Build.props
		Directory.Build.targets = Directory.Build.targets
		Directory.Meta.props = Directory.Meta.props
		LICENSE = LICENSE
	EndProjectSection
EndProject
Project("{2150E333-8FDC-42A3-9474-1A3956D46DE8}") = "src", "src", "{5586D3D7-9900-45E0-B2E0-1D1D28AA8E9C}"
EndProject
Project("{9A19103F-16F7-4668-BE54-9A1E7A4F7556}") = "THNETII.MsalExtensions", "src\THNETII.MsalExtensions\THNETII.MsalExtensions.csproj", "{39D0ACAA-92E4-4F88-A4C5-00F0D430B7BD}"
EndProject
Project("{2150E333-8FDC-42A3-9474-1A3956D46DE8}") = "sample", "sample", "{1E90DFDB-7F0C-4F25-A233-77042EA31D15}"
EndProject
Project("{9A19103F-16F7-4668-BE54-9A1E7A4F7556}") = "THNETII.Msal.SampleConsole", "sample\THNETII.Msal.SampleConsole\THNETII.Msal.SampleConsole.csproj", "{08892EDD-F56C-425E-A1D4-0546808B4E83}"
EndProject
Project("{2150E333-8FDC-42A3-9474-1A3956D46DE8}") = "command-line-extensions", "command-line-extensions", "{A141DB58-2091-4F3E-A6F2-AC1C7BFBCB7A}"
EndProject
Project("{2150E333-8FDC-42A3-9474-1A3956D46DE8}") = "src", "src", "{3060D24E-45B6-4966-AD44-9EB955D40373}"
EndProject
Project("{FAE04EC0-301F-11D3-BF4B-00C04F79EFBC}") = "THNETII.CommandLine.Hosting", "command-line-extensions\src\THNETII.CommandLine.Hosting\THNETII.CommandLine.Hosting.csproj", "{E92737A9-F232-4B16-8524-9838AEA8D704}"
EndProject
Project("{2150E333-8FDC-42A3-9474-1A3956D46DE8}") = "dotnet-logging", "dotnet-logging", "{05EBF9E2-AF58-4724-92FD-47C82F55B91F}"
EndProject
Project("{2150E333-8FDC-42A3-9474-1A3956D46DE8}") = "src", "src", "{8BC78BD9-88C6-40AA-A357-AD5CD0B647AD}"
EndProject
Project("{FAE04EC0-301F-11D3-BF4B-00C04F79EFBC}") = "THNETII.Logging.DiagnosticsForwarding", "dotnet-logging\src\THNETII.Logging.DiagnosticsForwarding\THNETII.Logging.DiagnosticsForwarding.csproj", "{F9E1FD48-D8F3-4810-BBB0-571B23272D22}"
EndProject
Global
	GlobalSection(SolutionConfigurationPlatforms) = preSolution
		Debug|Any CPU = Debug|Any CPU
		Debug|x64 = Debug|x64
		Debug|x86 = Debug|x86
		Release|Any CPU = Release|Any CPU
		Release|x64 = Release|x64
		Release|x86 = Release|x86
	EndGlobalSection
	GlobalSection(ProjectConfigurationPlatforms) = postSolution
		{39D0ACAA-92E4-4F88-A4C5-00F0D430B7BD}.Debug|Any CPU.ActiveCfg = Debug|Any CPU
		{39D0ACAA-92E4-4F88-A4C5-00F0D430B7BD}.Debug|Any CPU.Build.0 = Debug|Any CPU
		{39D0ACAA-92E4-4F88-A4C5-00F0D430B7BD}.Debug|x64.ActiveCfg = Debug|Any CPU
		{39D0ACAA-92E4-4F88-A4C5-00F0D430B7BD}.Debug|x64.Build.0 = Debug|Any CPU
		{39D0ACAA-92E4-4F88-A4C5-00F0D430B7BD}.Debug|x86.ActiveCfg = Debug|Any CPU
		{39D0ACAA-92E4-4F88-A4C5-00F0D430B7BD}.Debug|x86.Build.0 = Debug|Any CPU
		{39D0ACAA-92E4-4F88-A4C5-00F0D430B7BD}.Release|Any CPU.ActiveCfg = Release|Any CPU
		{39D0ACAA-92E4-4F88-A4C5-00F0D430B7BD}.Release|Any CPU.Build.0 = Release|Any CPU
		{39D0ACAA-92E4-4F88-A4C5-00F0D430B7BD}.Release|x64.ActiveCfg = Release|Any CPU
		{39D0ACAA-92E4-4F88-A4C5-00F0D430B7BD}.Release|x64.Build.0 = Release|Any CPU
		{39D0ACAA-92E4-4F88-A4C5-00F0D430B7BD}.Release|x86.ActiveCfg = Release|Any CPU
		{39D0ACAA-92E4-4F88-A4C5-00F0D430B7BD}.Release|x86.Build.0 = Release|Any CPU
		{08892EDD-F56C-425E-A1D4-0546808B4E83}.Debug|Any CPU.ActiveCfg = Debug|Any CPU
		{08892EDD-F56C-425E-A1D4-0546808B4E83}.Debug|Any CPU.Build.0 = Debug|Any CPU
		{08892EDD-F56C-425E-A1D4-0546808B4E83}.Debug|x64.ActiveCfg = Debug|Any CPU
		{08892EDD-F56C-425E-A1D4-0546808B4E83}.Debug|x64.Build.0 = Debug|Any CPU
		{08892EDD-F56C-425E-A1D4-0546808B4E83}.Debug|x86.ActiveCfg = Debug|Any CPU
		{08892EDD-F56C-425E-A1D4-0546808B4E83}.Debug|x86.Build.0 = Debug|Any CPU
		{08892EDD-F56C-425E-A1D4-0546808B4E83}.Release|Any CPU.ActiveCfg = Release|Any CPU
		{08892EDD-F56C-425E-A1D4-0546808B4E83}.Release|Any CPU.Build.0 = Release|Any CPU
		{08892EDD-F56C-425E-A1D4-0546808B4E83}.Release|x64.ActiveCfg = Release|Any CPU
		{08892EDD-F56C-425E-A1D4-0546808B4E83}.Release|x64.Build.0 = Release|Any CPU
		{08892EDD-F56C-425E-A1D4-0546808B4E83}.Release|x86.ActiveCfg = Release|Any CPU
		{08892EDD-F56C-425E-A1D4-0546808B4E83}.Release|x86.Build.0 = Release|Any CPU
		{E92737A9-F232-4B16-8524-9838AEA8D704}.Debug|Any CPU.ActiveCfg = Debug|Any CPU
		{E92737A9-F232-4B16-8524-9838AEA8D704}.Debug|Any CPU.Build.0 = Debug|Any CPU
		{E92737A9-F232-4B16-8524-9838AEA8D704}.Debug|x64.ActiveCfg = Debug|Any CPU
		{E92737A9-F232-4B16-8524-9838AEA8D704}.Debug|x64.Build.0 = Debug|Any CPU
		{E92737A9-F232-4B16-8524-9838AEA8D704}.Debug|x86.ActiveCfg = Debug|Any CPU
		{E92737A9-F232-4B16-8524-9838AEA8D704}.Debug|x86.Build.0 = Debug|Any CPU
		{E92737A9-F232-4B16-8524-9838AEA8D704}.Release|Any CPU.ActiveCfg = Release|Any CPU
		{E92737A9-F232-4B16-8524-9838AEA8D704}.Release|Any CPU.Build.0 = Release|Any CPU
		{E92737A9-F232-4B16-8524-9838AEA8D704}.Release|x64.ActiveCfg = Release|Any CPU
		{E92737A9-F232-4B16-8524-9838AEA8D704}.Release|x64.Build.0 = Release|Any CPU
		{E92737A9-F232-4B16-8524-9838AEA8D704}.Release|x86.ActiveCfg = Release|Any CPU
		{E92737A9-F232-4B16-8524-9838AEA8D704}.Release|x86.Build.0 = Release|Any CPU
		{F9E1FD48-D8F3-4810-BBB0-571B23272D22}.Debug|Any CPU.ActiveCfg = Debug|Any CPU
		{F9E1FD48-D8F3-4810-BBB0-571B23272D22}.Debug|Any CPU.Build.0 = Debug|Any CPU
		{F9E1FD48-D8F3-4810-BBB0-571B23272D22}.Debug|x64.ActiveCfg = Debug|Any CPU
		{F9E1FD48-D8F3-4810-BBB0-571B23272D22}.Debug|x64.Build.0 = Debug|Any CPU
		{F9E1FD48-D8F3-4810-BBB0-571B23272D22}.Debug|x86.ActiveCfg = Debug|Any CPU
		{F9E1FD48-D8F3-4810-BBB0-571B23272D22}.Debug|x86.Build.0 = Debug|Any CPU
		{F9E1FD48-D8F3-4810-BBB0-571B23272D22}.Release|Any CPU.ActiveCfg = Release|Any CPU
		{F9E1FD48-D8F3-4810-BBB0-571B23272D22}.Release|Any CPU.Build.0 = Release|Any CPU
		{F9E1FD48-D8F3-4810-BBB0-571B23272D22}.Release|x64.ActiveCfg = Release|Any CPU
		{F9E1FD48-D8F3-4810-BBB0-571B23272D22}.Release|x64.Build.0 = Release|Any CPU
		{F9E1FD48-D8F3-4810-BBB0-571B23272D22}.Release|x86.ActiveCfg = Release|Any CPU
		{F9E1FD48-D8F3-4810-BBB0-571B23272D22}.Release|x86.Build.0 = Release|Any CPU
	EndGlobalSection
	GlobalSection(SolutionProperties) = preSolution
		HideSolutionNode = FALSE
	EndGlobalSection
	GlobalSection(NestedProjects) = preSolution
		{39D0ACAA-92E4-4F88-A4C5-00F0D430B7BD} = {5586D3D7-9900-45E0-B2E0-1D1D28AA8E9C}
		{08892EDD-F56C-425E-A1D4-0546808B4E83} = {1E90DFDB-7F0C-4F25-A233-77042EA31D15}
		{3060D24E-45B6-4966-AD44-9EB955D40373} = {A141DB58-2091-4F3E-A6F2-AC1C7BFBCB7A}
		{E92737A9-F232-4B16-8524-9838AEA8D704} = {3060D24E-45B6-4966-AD44-9EB955D40373}
		{8BC78BD9-88C6-40AA-A357-AD5CD0B647AD} = {05EBF9E2-AF58-4724-92FD-47C82F55B91F}
		{F9E1FD48-D8F3-4810-BBB0-571B23272D22} = {8BC78BD9-88C6-40AA-A357-AD5CD0B647AD}
	EndGlobalSection
	GlobalSection(ExtensibilityGlobals) = postSolution
		SolutionGuid = {D59E3C03-6906-4422-BB49-00117F9EE8FD}
	EndGlobalSection
EndGlobal
