
Microsoft Visual Studio Solution File, Format Version 12.00
# Visual Studio Version 16
VisualStudioVersion = 16.0.30517.126
MinimumVisualStudioVersion = 15.0.26124.0
Project("{2150E333-8FDC-42A3-9474-1A3956D46DE8}") = "Solution Items", "Solution Items", "{55A082FF-60F8-4F7D-B32C-3F9A8651732D}"
	ProjectSection(SolutionItems) = preProject
		.editorconfig = .editorconfig
		.gitattributes = .gitattributes
		.gitignore = .gitignore
		.gitmodules = .gitmodules
		Directory.Build.props = Directory.Build.props
		Directory.Meta.props = Directory.Meta.props
		LICENSE = LICENSE
		nuget.config = nuget.config
	EndProjectSection
EndProject
Project("{2150E333-8FDC-42A3-9474-1A3956D46DE8}") = "src", "src", "{5586D3D7-9900-45E0-B2E0-1D1D28AA8E9C}"
EndProject
Project("{2150E333-8FDC-42A3-9474-1A3956D46DE8}") = "sample", "sample", "{1E90DFDB-7F0C-4F25-A233-77042EA31D15}"
EndProject
Project("{9A19103F-16F7-4668-BE54-9A1E7A4F7556}") = "THNETII.Msal.SampleConsole", "sample\THNETII.Msal.SampleConsole\THNETII.Msal.SampleConsole.csproj", "{08892EDD-F56C-425E-A1D4-0546808B4E83}"
EndProject
Project("{2150E333-8FDC-42A3-9474-1A3956D46DE8}") = "submodules", "submodules", "{B97D7A1A-246C-4A2A-8F50-93C801ED91F9}"
EndProject
Project("{2150E333-8FDC-42A3-9474-1A3956D46DE8}") = "thnetii", "thnetii", "{3C6C4A88-B6AF-420E-8D21-39F83540C76E}"
EndProject
Project("{2150E333-8FDC-42A3-9474-1A3956D46DE8}") = "dotnet-command-line", "dotnet-command-line", "{A85A83C0-50F6-4CE2-9F38-AAF10146B6C7}"
EndProject
Project("{2150E333-8FDC-42A3-9474-1A3956D46DE8}") = "src", "src", "{2B3459ED-C27E-41CD-B7FD-E64C765AEDCF}"
EndProject
Project("{9A19103F-16F7-4668-BE54-9A1E7A4F7556}") = "THNETII.CommandLine.Hosting", "submodules\thnetii\dotnet-command-line\src\THNETII.CommandLine.Hosting\THNETII.CommandLine.Hosting.csproj", "{CB6232B6-CE0A-4361-A5B4-77C83F230A1C}"
EndProject
Project("{2150E333-8FDC-42A3-9474-1A3956D46DE8}") = "dotnet-logging", "dotnet-logging", "{1645E0CD-4FC9-4560-B7BB-FE264CEF34D0}"
EndProject
Project("{2150E333-8FDC-42A3-9474-1A3956D46DE8}") = "src", "src", "{1C413FCE-47A0-4A6C-AA18-8CCBD5D8AA41}"
EndProject
Project("{9A19103F-16F7-4668-BE54-9A1E7A4F7556}") = "THNETII.Logging.DiagnosticsForwarding", "submodules\thnetii\dotnet-logging\src\THNETII.Logging.DiagnosticsForwarding\THNETII.Logging.DiagnosticsForwarding.csproj", "{F10B65CA-F3B8-4432-8841-23AFE1B7D33E}"
EndProject
Project("{9A19103F-16F7-4668-BE54-9A1E7A4F7556}") = "THNETII.Msal.PowerShell", "src\THNETII.Msal.PowerShell\THNETII.Msal.PowerShell.csproj", "{268810A1-E27A-4273-BF9B-5938A0BB5AAD}"
EndProject
Project("{9A19103F-16F7-4668-BE54-9A1E7A4F7556}") = "THNETII.Msal.Extensions", "src\THNETII.Msal.Extensions\THNETII.Msal.Extensions.csproj", "{A358ECAB-36A3-45B8-9125-2790B938BEBD}"
EndProject
Project("{9A19103F-16F7-4668-BE54-9A1E7A4F7556}") = "THNETII.Msal.Extensions.DistributedCache", "src\THNETII.Msal.Extensions.DistributedCache\THNETII.Msal.Extensions.DistributedCache.csproj", "{42C74B83-62C0-4E7A-891D-FAE8E3A61CA4}"
EndProject
Project("{9A19103F-16F7-4668-BE54-9A1E7A4F7556}") = "THNETII.Msal.Extensions.UserSecrets", "src\THNETII.Msal.Extensions.UserSecrets\THNETII.Msal.Extensions.UserSecrets.csproj", "{F5C5E779-2EC2-495B-B68F-7217A0B87D52}"
EndProject
Global
	GlobalSection(SolutionConfigurationPlatforms) = preSolution
		Debug|Any CPU = Debug|Any CPU
		Debug|x64 = Debug|x64
		Debug|x86 = Debug|x86
		Release|Any CPU = Release|Any CPU
		Release|x64 = Release|x64
		Release|x86 = Release|x86
	EndGlobalSection
	GlobalSection(ProjectConfigurationPlatforms) = postSolution
		{08892EDD-F56C-425E-A1D4-0546808B4E83}.Debug|Any CPU.ActiveCfg = Debug|Any CPU
		{08892EDD-F56C-425E-A1D4-0546808B4E83}.Debug|Any CPU.Build.0 = Debug|Any CPU
		{08892EDD-F56C-425E-A1D4-0546808B4E83}.Debug|x64.ActiveCfg = Debug|Any CPU
		{08892EDD-F56C-425E-A1D4-0546808B4E83}.Debug|x64.Build.0 = Debug|Any CPU
		{08892EDD-F56C-425E-A1D4-0546808B4E83}.Debug|x86.ActiveCfg = Debug|Any CPU
		{08892EDD-F56C-425E-A1D4-0546808B4E83}.Debug|x86.Build.0 = Debug|Any CPU
		{08892EDD-F56C-425E-A1D4-0546808B4E83}.Release|Any CPU.ActiveCfg = Release|Any CPU
		{08892EDD-F56C-425E-A1D4-0546808B4E83}.Release|Any CPU.Build.0 = Release|Any CPU
		{08892EDD-F56C-425E-A1D4-0546808B4E83}.Release|x64.ActiveCfg = Release|Any CPU
		{08892EDD-F56C-425E-A1D4-0546808B4E83}.Release|x64.Build.0 = Release|Any CPU
		{08892EDD-F56C-425E-A1D4-0546808B4E83}.Release|x86.ActiveCfg = Release|Any CPU
		{08892EDD-F56C-425E-A1D4-0546808B4E83}.Release|x86.Build.0 = Release|Any CPU
		{CB6232B6-CE0A-4361-A5B4-77C83F230A1C}.Debug|Any CPU.ActiveCfg = Debug|Any CPU
		{CB6232B6-CE0A-4361-A5B4-77C83F230A1C}.Debug|Any CPU.Build.0 = Debug|Any CPU
		{CB6232B6-CE0A-4361-A5B4-77C83F230A1C}.Debug|x64.ActiveCfg = Debug|Any CPU
		{CB6232B6-CE0A-4361-A5B4-77C83F230A1C}.Debug|x64.Build.0 = Debug|Any CPU
		{CB6232B6-CE0A-4361-A5B4-77C83F230A1C}.Debug|x86.ActiveCfg = Debug|Any CPU
		{CB6232B6-CE0A-4361-A5B4-77C83F230A1C}.Debug|x86.Build.0 = Debug|Any CPU
		{CB6232B6-CE0A-4361-A5B4-77C83F230A1C}.Release|Any CPU.ActiveCfg = Release|Any CPU
		{CB6232B6-CE0A-4361-A5B4-77C83F230A1C}.Release|Any CPU.Build.0 = Release|Any CPU
		{CB6232B6-CE0A-4361-A5B4-77C83F230A1C}.Release|x64.ActiveCfg = Release|Any CPU
		{CB6232B6-CE0A-4361-A5B4-77C83F230A1C}.Release|x64.Build.0 = Release|Any CPU
		{CB6232B6-CE0A-4361-A5B4-77C83F230A1C}.Release|x86.ActiveCfg = Release|Any CPU
		{CB6232B6-CE0A-4361-A5B4-77C83F230A1C}.Release|x86.Build.0 = Release|Any CPU
		{F10B65CA-F3B8-4432-8841-23AFE1B7D33E}.Debug|Any CPU.ActiveCfg = Debug|Any CPU
		{F10B65CA-F3B8-4432-8841-23AFE1B7D33E}.Debug|Any CPU.Build.0 = Debug|Any CPU
		{F10B65CA-F3B8-4432-8841-23AFE1B7D33E}.Debug|x64.ActiveCfg = Debug|Any CPU
		{F10B65CA-F3B8-4432-8841-23AFE1B7D33E}.Debug|x64.Build.0 = Debug|Any CPU
		{F10B65CA-F3B8-4432-8841-23AFE1B7D33E}.Debug|x86.ActiveCfg = Debug|Any CPU
		{F10B65CA-F3B8-4432-8841-23AFE1B7D33E}.Debug|x86.Build.0 = Debug|Any CPU
		{F10B65CA-F3B8-4432-8841-23AFE1B7D33E}.Release|Any CPU.ActiveCfg = Release|Any CPU
		{F10B65CA-F3B8-4432-8841-23AFE1B7D33E}.Release|Any CPU.Build.0 = Release|Any CPU
		{F10B65CA-F3B8-4432-8841-23AFE1B7D33E}.Release|x64.ActiveCfg = Release|Any CPU
		{F10B65CA-F3B8-4432-8841-23AFE1B7D33E}.Release|x64.Build.0 = Release|Any CPU
		{F10B65CA-F3B8-4432-8841-23AFE1B7D33E}.Release|x86.ActiveCfg = Release|Any CPU
		{F10B65CA-F3B8-4432-8841-23AFE1B7D33E}.Release|x86.Build.0 = Release|Any CPU
		{268810A1-E27A-4273-BF9B-5938A0BB5AAD}.Debug|Any CPU.ActiveCfg = Debug|Any CPU
		{268810A1-E27A-4273-BF9B-5938A0BB5AAD}.Debug|Any CPU.Build.0 = Debug|Any CPU
		{268810A1-E27A-4273-BF9B-5938A0BB5AAD}.Debug|x64.ActiveCfg = Debug|Any CPU
		{268810A1-E27A-4273-BF9B-5938A0BB5AAD}.Debug|x64.Build.0 = Debug|Any CPU
		{268810A1-E27A-4273-BF9B-5938A0BB5AAD}.Debug|x86.ActiveCfg = Debug|Any CPU
		{268810A1-E27A-4273-BF9B-5938A0BB5AAD}.Debug|x86.Build.0 = Debug|Any CPU
		{268810A1-E27A-4273-BF9B-5938A0BB5AAD}.Release|Any CPU.ActiveCfg = Release|Any CPU
		{268810A1-E27A-4273-BF9B-5938A0BB5AAD}.Release|Any CPU.Build.0 = Release|Any CPU
		{268810A1-E27A-4273-BF9B-5938A0BB5AAD}.Release|x64.ActiveCfg = Release|Any CPU
		{268810A1-E27A-4273-BF9B-5938A0BB5AAD}.Release|x64.Build.0 = Release|Any CPU
		{268810A1-E27A-4273-BF9B-5938A0BB5AAD}.Release|x86.ActiveCfg = Release|Any CPU
		{268810A1-E27A-4273-BF9B-5938A0BB5AAD}.Release|x86.Build.0 = Release|Any CPU
		{A358ECAB-36A3-45B8-9125-2790B938BEBD}.Debug|Any CPU.ActiveCfg = Debug|Any CPU
		{A358ECAB-36A3-45B8-9125-2790B938BEBD}.Debug|Any CPU.Build.0 = Debug|Any CPU
		{A358ECAB-36A3-45B8-9125-2790B938BEBD}.Debug|x64.ActiveCfg = Debug|Any CPU
		{A358ECAB-36A3-45B8-9125-2790B938BEBD}.Debug|x64.Build.0 = Debug|Any CPU
		{A358ECAB-36A3-45B8-9125-2790B938BEBD}.Debug|x86.ActiveCfg = Debug|Any CPU
		{A358ECAB-36A3-45B8-9125-2790B938BEBD}.Debug|x86.Build.0 = Debug|Any CPU
		{A358ECAB-36A3-45B8-9125-2790B938BEBD}.Release|Any CPU.ActiveCfg = Release|Any CPU
		{A358ECAB-36A3-45B8-9125-2790B938BEBD}.Release|Any CPU.Build.0 = Release|Any CPU
		{A358ECAB-36A3-45B8-9125-2790B938BEBD}.Release|x64.ActiveCfg = Release|Any CPU
		{A358ECAB-36A3-45B8-9125-2790B938BEBD}.Release|x64.Build.0 = Release|Any CPU
		{A358ECAB-36A3-45B8-9125-2790B938BEBD}.Release|x86.ActiveCfg = Release|Any CPU
		{A358ECAB-36A3-45B8-9125-2790B938BEBD}.Release|x86.Build.0 = Release|Any CPU
		{42C74B83-62C0-4E7A-891D-FAE8E3A61CA4}.Debug|Any CPU.ActiveCfg = Debug|Any CPU
		{42C74B83-62C0-4E7A-891D-FAE8E3A61CA4}.Debug|Any CPU.Build.0 = Debug|Any CPU
		{42C74B83-62C0-4E7A-891D-FAE8E3A61CA4}.Debug|x64.ActiveCfg = Debug|Any CPU
		{42C74B83-62C0-4E7A-891D-FAE8E3A61CA4}.Debug|x64.Build.0 = Debug|Any CPU
		{42C74B83-62C0-4E7A-891D-FAE8E3A61CA4}.Debug|x86.ActiveCfg = Debug|Any CPU
		{42C74B83-62C0-4E7A-891D-FAE8E3A61CA4}.Debug|x86.Build.0 = Debug|Any CPU
		{42C74B83-62C0-4E7A-891D-FAE8E3A61CA4}.Release|Any CPU.ActiveCfg = Release|Any CPU
		{42C74B83-62C0-4E7A-891D-FAE8E3A61CA4}.Release|Any CPU.Build.0 = Release|Any CPU
		{42C74B83-62C0-4E7A-891D-FAE8E3A61CA4}.Release|x64.ActiveCfg = Release|Any CPU
		{42C74B83-62C0-4E7A-891D-FAE8E3A61CA4}.Release|x64.Build.0 = Release|Any CPU
		{42C74B83-62C0-4E7A-891D-FAE8E3A61CA4}.Release|x86.ActiveCfg = Release|Any CPU
		{42C74B83-62C0-4E7A-891D-FAE8E3A61CA4}.Release|x86.Build.0 = Release|Any CPU
		{F5C5E779-2EC2-495B-B68F-7217A0B87D52}.Debug|Any CPU.ActiveCfg = Debug|Any CPU
		{F5C5E779-2EC2-495B-B68F-7217A0B87D52}.Debug|Any CPU.Build.0 = Debug|Any CPU
		{F5C5E779-2EC2-495B-B68F-7217A0B87D52}.Debug|x64.ActiveCfg = Debug|Any CPU
		{F5C5E779-2EC2-495B-B68F-7217A0B87D52}.Debug|x64.Build.0 = Debug|Any CPU
		{F5C5E779-2EC2-495B-B68F-7217A0B87D52}.Debug|x86.ActiveCfg = Debug|Any CPU
		{F5C5E779-2EC2-495B-B68F-7217A0B87D52}.Debug|x86.Build.0 = Debug|Any CPU
		{F5C5E779-2EC2-495B-B68F-7217A0B87D52}.Release|Any CPU.ActiveCfg = Release|Any CPU
		{F5C5E779-2EC2-495B-B68F-7217A0B87D52}.Release|Any CPU.Build.0 = Release|Any CPU
		{F5C5E779-2EC2-495B-B68F-7217A0B87D52}.Release|x64.ActiveCfg = Release|Any CPU
		{F5C5E779-2EC2-495B-B68F-7217A0B87D52}.Release|x64.Build.0 = Release|Any CPU
		{F5C5E779-2EC2-495B-B68F-7217A0B87D52}.Release|x86.ActiveCfg = Release|Any CPU
		{F5C5E779-2EC2-495B-B68F-7217A0B87D52}.Release|x86.Build.0 = Release|Any CPU
	EndGlobalSection
	GlobalSection(SolutionProperties) = preSolution
		HideSolutionNode = FALSE
	EndGlobalSection
	GlobalSection(NestedProjects) = preSolution
		{08892EDD-F56C-425E-A1D4-0546808B4E83} = {1E90DFDB-7F0C-4F25-A233-77042EA31D15}
		{3C6C4A88-B6AF-420E-8D21-39F83540C76E} = {B97D7A1A-246C-4A2A-8F50-93C801ED91F9}
		{A85A83C0-50F6-4CE2-9F38-AAF10146B6C7} = {3C6C4A88-B6AF-420E-8D21-39F83540C76E}
		{2B3459ED-C27E-41CD-B7FD-E64C765AEDCF} = {A85A83C0-50F6-4CE2-9F38-AAF10146B6C7}
		{CB6232B6-CE0A-4361-A5B4-77C83F230A1C} = {2B3459ED-C27E-41CD-B7FD-E64C765AEDCF}
		{1645E0CD-4FC9-4560-B7BB-FE264CEF34D0} = {3C6C4A88-B6AF-420E-8D21-39F83540C76E}
		{1C413FCE-47A0-4A6C-AA18-8CCBD5D8AA41} = {1645E0CD-4FC9-4560-B7BB-FE264CEF34D0}
		{F10B65CA-F3B8-4432-8841-23AFE1B7D33E} = {1C413FCE-47A0-4A6C-AA18-8CCBD5D8AA41}
		{268810A1-E27A-4273-BF9B-5938A0BB5AAD} = {5586D3D7-9900-45E0-B2E0-1D1D28AA8E9C}
		{A358ECAB-36A3-45B8-9125-2790B938BEBD} = {5586D3D7-9900-45E0-B2E0-1D1D28AA8E9C}
		{42C74B83-62C0-4E7A-891D-FAE8E3A61CA4} = {5586D3D7-9900-45E0-B2E0-1D1D28AA8E9C}
		{F5C5E779-2EC2-495B-B68F-7217A0B87D52} = {5586D3D7-9900-45E0-B2E0-1D1D28AA8E9C}
	EndGlobalSection
	GlobalSection(ExtensibilityGlobals) = postSolution
		SolutionGuid = {D59E3C03-6906-4422-BB49-00117F9EE8FD}
	EndGlobalSection
EndGlobal
